<?xml version="1.0" encoding="UTF-8"?>
<CodeBlocks_project_file>
	<FileVersion major="1" minor="6"/>
	<Project>
		<Option title="Project"/>
		<Option makefile_is_custom="1"/>
		<Option compiler="clang"/>
		<Option virtualFolders="CMake Files\;CMake Files\..\;CMake Files\..\..\;CMake Files\..\..\..\;CMake Files\..\..\..\..\;CMake Files\..\..\..\..\..\;CMake Files\..\..\..\..\..\opt\;CMake Files\..\..\..\..\..\opt\local\;CMake Files\..\..\..\..\..\opt\local\share\;CMake Files\..\..\..\..\..\opt\local\share\cmake\;CMake Files\..\..\..\..\..\opt\local\share\cmake\uhd\;"/>
		<Build>
			<Target title="all">
				<Option working_dir="/Users/Jens/git/B205mini-Summer/version2"/>
				<Option type="4"/>
				<MakeCommands>
					<Build command="/usr/bin/make -j8 -f &quot;/Users/Jens/git/B205mini-Summer/version2/Makefile&quot;  VERBOSE=1 all"/>
					<CompileFile command="/usr/bin/make -j8 -f &quot;/Users/Jens/git/B205mini-Summer/version2/Makefile&quot;  VERBOSE=1 &quot;$file&quot;"/>
					<Clean command="/usr/bin/make -j8 -f &quot;/Users/Jens/git/B205mini-Summer/version2/Makefile&quot;  VERBOSE=1 clean"/>
					<DistClean command="/usr/bin/make -j8 -f &quot;/Users/Jens/git/B205mini-Summer/version2/Makefile&quot;  VERBOSE=1 clean"/>
				</MakeCommands>
			</Target>
			<Target title="edit_cache">
				<Option working_dir="/Users/Jens/git/B205mini-Summer/version2"/>
				<Option type="4"/>
				<MakeCommands>
					<Build command="/usr/bin/make -j8 -f &quot;/Users/Jens/git/B205mini-Summer/version2/Makefile&quot;  VERBOSE=1 edit_cache"/>
					<CompileFile command="/usr/bin/make -j8 -f &quot;/Users/Jens/git/B205mini-Summer/version2/Makefile&quot;  VERBOSE=1 &quot;$file&quot;"/>
					<Clean command="/usr/bin/make -j8 -f &quot;/Users/Jens/git/B205mini-Summer/version2/Makefile&quot;  VERBOSE=1 clean"/>
					<DistClean command="/usr/bin/make -j8 -f &quot;/Users/Jens/git/B205mini-Summer/version2/Makefile&quot;  VERBOSE=1 clean"/>
				</MakeCommands>
			</Target>
			<Target title="sweep_all">
				<Option output="/Users/Jens/git/B205mini-Summer/version2/sweep_all" prefix_auto="0" extension_auto="0"/>
				<Option working_dir=""/>
				<Option object_output="./"/>
				<Option type="1"/>
				<Option compiler="clang"/>
				<Compiler>
					<Add directory="/opt/local/include"/>
					<Add directory="/usr/local/include/hidapi"/>
					<Add directory="/Applications/Xcode.app/Contents/Developer/Toolchains/XcodeDefault.xctoolchain/usr/include/c++/v1"/>
					<Add directory="/usr/local/include"/>
					<Add directory="/Applications/Xcode.app/Contents/Developer/Toolchains/XcodeDefault.xctoolchain/usr/lib/clang/9.1.0/include"/>
					<Add directory="/Applications/Xcode.app/Contents/Developer/Toolchains/XcodeDefault.xctoolchain/usr/include"/>
					<Add directory="/usr/include"/>
					<Add directory="/System/Library/Frameworks"/>
					<Add directory="/Library/Frameworks"/>
				</Compiler>
				<MakeCommands>
					<Build command="/usr/bin/make -j8 -f &quot;/Users/Jens/git/B205mini-Summer/version2/Makefile&quot;  VERBOSE=1 sweep_all"/>
					<CompileFile command="/usr/bin/make -j8 -f &quot;/Users/Jens/git/B205mini-Summer/version2/Makefile&quot;  VERBOSE=1 &quot;$file&quot;"/>
					<Clean command="/usr/bin/make -j8 -f &quot;/Users/Jens/git/B205mini-Summer/version2/Makefile&quot;  VERBOSE=1 clean"/>
					<DistClean command="/usr/bin/make -j8 -f &quot;/Users/Jens/git/B205mini-Summer/version2/Makefile&quot;  VERBOSE=1 clean"/>
				</MakeCommands>
			</Target>
			<Target title="sweep_all/fast">
				<Option output="/Users/Jens/git/B205mini-Summer/version2/sweep_all" prefix_auto="0" extension_auto="0"/>
				<Option working_dir=""/>
				<Option object_output="./"/>
				<Option type="1"/>
				<Option compiler="clang"/>
				<Compiler>
					<Add directory="/opt/local/include"/>
					<Add directory="/usr/local/include/hidapi"/>
					<Add directory="/Applications/Xcode.app/Contents/Developer/Toolchains/XcodeDefault.xctoolchain/usr/include/c++/v1"/>
					<Add directory="/usr/local/include"/>
					<Add directory="/Applications/Xcode.app/Contents/Developer/Toolchains/XcodeDefault.xctoolchain/usr/lib/clang/9.1.0/include"/>
					<Add directory="/Applications/Xcode.app/Contents/Developer/Toolchains/XcodeDefault.xctoolchain/usr/include"/>
					<Add directory="/usr/include"/>
					<Add directory="/System/Library/Frameworks"/>
					<Add directory="/Library/Frameworks"/>
				</Compiler>
				<MakeCommands>
					<Build command="/usr/bin/make -j8 -f &quot;/Users/Jens/git/B205mini-Summer/version2/Makefile&quot;  VERBOSE=1 sweep_all/fast"/>
					<CompileFile command="/usr/bin/make -j8 -f &quot;/Users/Jens/git/B205mini-Summer/version2/Makefile&quot;  VERBOSE=1 &quot;$file&quot;"/>
					<Clean command="/usr/bin/make -j8 -f &quot;/Users/Jens/git/B205mini-Summer/version2/Makefile&quot;  VERBOSE=1 clean"/>
					<DistClean command="/usr/bin/make -j8 -f &quot;/Users/Jens/git/B205mini-Summer/version2/Makefile&quot;  VERBOSE=1 clean"/>
				</MakeCommands>
			</Target>
			<Target title="rxtest">
				<Option output="/Users/Jens/git/B205mini-Summer/version2/rxtest" prefix_auto="0" extension_auto="0"/>
				<Option working_dir=""/>
				<Option object_output="./"/>
				<Option type="1"/>
				<Option compiler="clang"/>
				<Compiler>
					<Add directory="/opt/local/include"/>
					<Add directory="/usr/local/include/hidapi"/>
					<Add directory="/Applications/Xcode.app/Contents/Developer/Toolchains/XcodeDefault.xctoolchain/usr/include/c++/v1"/>
					<Add directory="/usr/local/include"/>
					<Add directory="/Applications/Xcode.app/Contents/Developer/Toolchains/XcodeDefault.xctoolchain/usr/lib/clang/9.1.0/include"/>
					<Add directory="/Applications/Xcode.app/Contents/Developer/Toolchains/XcodeDefault.xctoolchain/usr/include"/>
					<Add directory="/usr/include"/>
					<Add directory="/System/Library/Frameworks"/>
					<Add directory="/Library/Frameworks"/>
				</Compiler>
				<MakeCommands>
					<Build command="/usr/bin/make -j8 -f &quot;/Users/Jens/git/B205mini-Summer/version2/Makefile&quot;  VERBOSE=1 rxtest"/>
					<CompileFile command="/usr/bin/make -j8 -f &quot;/Users/Jens/git/B205mini-Summer/version2/Makefile&quot;  VERBOSE=1 &quot;$file&quot;"/>
					<Clean command="/usr/bin/make -j8 -f &quot;/Users/Jens/git/B205mini-Summer/version2/Makefile&quot;  VERBOSE=1 clean"/>
					<DistClean command="/usr/bin/make -j8 -f &quot;/Users/Jens/git/B205mini-Summer/version2/Makefile&quot;  VERBOSE=1 clean"/>
				</MakeCommands>
			</Target>
			<Target title="rxtest/fast">
				<Option output="/Users/Jens/git/B205mini-Summer/version2/rxtest" prefix_auto="0" extension_auto="0"/>
				<Option working_dir=""/>
				<Option object_output="./"/>
				<Option type="1"/>
				<Option compiler="clang"/>
				<Compiler>
					<Add directory="/opt/local/include"/>
					<Add directory="/usr/local/include/hidapi"/>
					<Add directory="/Applications/Xcode.app/Contents/Developer/Toolchains/XcodeDefault.xctoolchain/usr/include/c++/v1"/>
					<Add directory="/usr/local/include"/>
					<Add directory="/Applications/Xcode.app/Contents/Developer/Toolchains/XcodeDefault.xctoolchain/usr/lib/clang/9.1.0/include"/>
					<Add directory="/Applications/Xcode.app/Contents/Developer/Toolchains/XcodeDefault.xctoolchain/usr/include"/>
					<Add directory="/usr/include"/>
					<Add directory="/System/Library/Frameworks"/>
					<Add directory="/Library/Frameworks"/>
				</Compiler>
				<MakeCommands>
					<Build command="/usr/bin/make -j8 -f &quot;/Users/Jens/git/B205mini-Summer/version2/Makefile&quot;  VERBOSE=1 rxtest/fast"/>
					<CompileFile command="/usr/bin/make -j8 -f &quot;/Users/Jens/git/B205mini-Summer/version2/Makefile&quot;  VERBOSE=1 &quot;$file&quot;"/>
					<Clean command="/usr/bin/make -j8 -f &quot;/Users/Jens/git/B205mini-Summer/version2/Makefile&quot;  VERBOSE=1 clean"/>
					<DistClean command="/usr/bin/make -j8 -f &quot;/Users/Jens/git/B205mini-Summer/version2/Makefile&quot;  VERBOSE=1 clean"/>
				</MakeCommands>
			</Target>
			<Target title="rebuild_cache">
				<Option working_dir="/Users/Jens/git/B205mini-Summer/version2"/>
				<Option type="4"/>
				<MakeCommands>
					<Build command="/usr/bin/make -j8 -f &quot;/Users/Jens/git/B205mini-Summer/version2/Makefile&quot;  VERBOSE=1 rebuild_cache"/>
					<CompileFile command="/usr/bin/make -j8 -f &quot;/Users/Jens/git/B205mini-Summer/version2/Makefile&quot;  VERBOSE=1 &quot;$file&quot;"/>
					<Clean command="/usr/bin/make -j8 -f &quot;/Users/Jens/git/B205mini-Summer/version2/Makefile&quot;  VERBOSE=1 clean"/>
					<DistClean command="/usr/bin/make -j8 -f &quot;/Users/Jens/git/B205mini-Summer/version2/Makefile&quot;  VERBOSE=1 clean"/>
				</MakeCommands>
			</Target>
			<Target title="txtest">
				<Option output="/Users/Jens/git/B205mini-Summer/version2/txtest" prefix_auto="0" extension_auto="0"/>
				<Option working_dir=""/>
				<Option object_output="./"/>
				<Option type="1"/>
				<Option compiler="clang"/>
				<Compiler>
					<Add directory="/opt/local/include"/>
					<Add directory="/usr/local/include/hidapi"/>
					<Add directory="/Applications/Xcode.app/Contents/Developer/Toolchains/XcodeDefault.xctoolchain/usr/include/c++/v1"/>
					<Add directory="/usr/local/include"/>
					<Add directory="/Applications/Xcode.app/Contents/Developer/Toolchains/XcodeDefault.xctoolchain/usr/lib/clang/9.1.0/include"/>
					<Add directory="/Applications/Xcode.app/Contents/Developer/Toolchains/XcodeDefault.xctoolchain/usr/include"/>
					<Add directory="/usr/include"/>
					<Add directory="/System/Library/Frameworks"/>
					<Add directory="/Library/Frameworks"/>
				</Compiler>
				<MakeCommands>
					<Build command="/usr/bin/make -j8 -f &quot;/Users/Jens/git/B205mini-Summer/version2/Makefile&quot;  VERBOSE=1 txtest"/>
					<CompileFile command="/usr/bin/make -j8 -f &quot;/Users/Jens/git/B205mini-Summer/version2/Makefile&quot;  VERBOSE=1 &quot;$file&quot;"/>
					<Clean command="/usr/bin/make -j8 -f &quot;/Users/Jens/git/B205mini-Summer/version2/Makefile&quot;  VERBOSE=1 clean"/>
					<DistClean command="/usr/bin/make -j8 -f &quot;/Users/Jens/git/B205mini-Summer/version2/Makefile&quot;  VERBOSE=1 clean"/>
				</MakeCommands>
			</Target>
			<Target title="txtest/fast">
				<Option output="/Users/Jens/git/B205mini-Summer/version2/txtest" prefix_auto="0" extension_auto="0"/>
				<Option working_dir=""/>
				<Option object_output="./"/>
				<Option type="1"/>
				<Option compiler="clang"/>
				<Compiler>
					<Add directory="/opt/local/include"/>
					<Add directory="/usr/local/include/hidapi"/>
					<Add directory="/Applications/Xcode.app/Contents/Developer/Toolchains/XcodeDefault.xctoolchain/usr/include/c++/v1"/>
					<Add directory="/usr/local/include"/>
					<Add directory="/Applications/Xcode.app/Contents/Developer/Toolchains/XcodeDefault.xctoolchain/usr/lib/clang/9.1.0/include"/>
					<Add directory="/Applications/Xcode.app/Contents/Developer/Toolchains/XcodeDefault.xctoolchain/usr/include"/>
					<Add directory="/usr/include"/>
					<Add directory="/System/Library/Frameworks"/>
					<Add directory="/Library/Frameworks"/>
				</Compiler>
				<MakeCommands>
					<Build command="/usr/bin/make -j8 -f &quot;/Users/Jens/git/B205mini-Summer/version2/Makefile&quot;  VERBOSE=1 txtest/fast"/>
					<CompileFile command="/usr/bin/make -j8 -f &quot;/Users/Jens/git/B205mini-Summer/version2/Makefile&quot;  VERBOSE=1 &quot;$file&quot;"/>
					<Clean command="/usr/bin/make -j8 -f &quot;/Users/Jens/git/B205mini-Summer/version2/Makefile&quot;  VERBOSE=1 clean"/>
					<DistClean command="/usr/bin/make -j8 -f &quot;/Users/Jens/git/B205mini-Summer/version2/Makefile&quot;  VERBOSE=1 clean"/>
				</MakeCommands>
			</Target>
			<Target title="sweep">
				<Option output="/Users/Jens/git/B205mini-Summer/version2/sweep" prefix_auto="0" extension_auto="0"/>
				<Option working_dir=""/>
				<Option object_output="./"/>
				<Option type="1"/>
				<Option compiler="clang"/>
				<Compiler>
					<Add directory="/opt/local/include"/>
					<Add directory="/usr/local/include/hidapi"/>
					<Add directory="/Applications/Xcode.app/Contents/Developer/Toolchains/XcodeDefault.xctoolchain/usr/include/c++/v1"/>
					<Add directory="/usr/local/include"/>
					<Add directory="/Applications/Xcode.app/Contents/Developer/Toolchains/XcodeDefault.xctoolchain/usr/lib/clang/9.1.0/include"/>
					<Add directory="/Applications/Xcode.app/Contents/Developer/Toolchains/XcodeDefault.xctoolchain/usr/include"/>
					<Add directory="/usr/include"/>
					<Add directory="/System/Library/Frameworks"/>
					<Add directory="/Library/Frameworks"/>
				</Compiler>
				<MakeCommands>
					<Build command="/usr/bin/make -j8 -f &quot;/Users/Jens/git/B205mini-Summer/version2/Makefile&quot;  VERBOSE=1 sweep"/>
					<CompileFile command="/usr/bin/make -j8 -f &quot;/Users/Jens/git/B205mini-Summer/version2/Makefile&quot;  VERBOSE=1 &quot;$file&quot;"/>
					<Clean command="/usr/bin/make -j8 -f &quot;/Users/Jens/git/B205mini-Summer/version2/Makefile&quot;  VERBOSE=1 clean"/>
					<DistClean command="/usr/bin/make -j8 -f &quot;/Users/Jens/git/B205mini-Summer/version2/Makefile&quot;  VERBOSE=1 clean"/>
				</MakeCommands>
			</Target>
			<Target title="sweep/fast">
				<Option output="/Users/Jens/git/B205mini-Summer/version2/sweep" prefix_auto="0" extension_auto="0"/>
				<Option working_dir=""/>
				<Option object_output="./"/>
				<Option type="1"/>
				<Option compiler="clang"/>
				<Compiler>
					<Add directory="/opt/local/include"/>
					<Add directory="/usr/local/include/hidapi"/>
					<Add directory="/Applications/Xcode.app/Contents/Developer/Toolchains/XcodeDefault.xctoolchain/usr/include/c++/v1"/>
					<Add directory="/usr/local/include"/>
					<Add directory="/Applications/Xcode.app/Contents/Developer/Toolchains/XcodeDefault.xctoolchain/usr/lib/clang/9.1.0/include"/>
					<Add directory="/Applications/Xcode.app/Contents/Developer/Toolchains/XcodeDefault.xctoolchain/usr/include"/>
					<Add directory="/usr/include"/>
					<Add directory="/System/Library/Frameworks"/>
					<Add directory="/Library/Frameworks"/>
				</Compiler>
				<MakeCommands>
					<Build command="/usr/bin/make -j8 -f &quot;/Users/Jens/git/B205mini-Summer/version2/Makefile&quot;  VERBOSE=1 sweep/fast"/>
					<CompileFile command="/usr/bin/make -j8 -f &quot;/Users/Jens/git/B205mini-Summer/version2/Makefile&quot;  VERBOSE=1 &quot;$file&quot;"/>
					<Clean command="/usr/bin/make -j8 -f &quot;/Users/Jens/git/B205mini-Summer/version2/Makefile&quot;  VERBOSE=1 clean"/>
					<DistClean command="/usr/bin/make -j8 -f &quot;/Users/Jens/git/B205mini-Summer/version2/Makefile&quot;  VERBOSE=1 clean"/>
				</MakeCommands>
			</Target>
			<Target title="one_usrp">
				<Option output="/Users/Jens/git/B205mini-Summer/version2/one_usrp" prefix_auto="0" extension_auto="0"/>
				<Option working_dir=""/>
				<Option object_output="./"/>
				<Option type="1"/>
				<Option compiler="clang"/>
				<Compiler>
					<Add directory="/opt/local/include"/>
					<Add directory="/usr/local/include/hidapi"/>
					<Add directory="/Applications/Xcode.app/Contents/Developer/Toolchains/XcodeDefault.xctoolchain/usr/include/c++/v1"/>
					<Add directory="/usr/local/include"/>
					<Add directory="/Applications/Xcode.app/Contents/Developer/Toolchains/XcodeDefault.xctoolchain/usr/lib/clang/9.1.0/include"/>
					<Add directory="/Applications/Xcode.app/Contents/Developer/Toolchains/XcodeDefault.xctoolchain/usr/include"/>
					<Add directory="/usr/include"/>
					<Add directory="/System/Library/Frameworks"/>
					<Add directory="/Library/Frameworks"/>
				</Compiler>
				<MakeCommands>
					<Build command="/usr/bin/make -j8 -f &quot;/Users/Jens/git/B205mini-Summer/version2/Makefile&quot;  VERBOSE=1 one_usrp"/>
					<CompileFile command="/usr/bin/make -j8 -f &quot;/Users/Jens/git/B205mini-Summer/version2/Makefile&quot;  VERBOSE=1 &quot;$file&quot;"/>
					<Clean command="/usr/bin/make -j8 -f &quot;/Users/Jens/git/B205mini-Summer/version2/Makefile&quot;  VERBOSE=1 clean"/>
					<DistClean command="/usr/bin/make -j8 -f &quot;/Users/Jens/git/B205mini-Summer/version2/Makefile&quot;  VERBOSE=1 clean"/>
				</MakeCommands>
			</Target>
			<Target title="one_usrp/fast">
				<Option output="/Users/Jens/git/B205mini-Summer/version2/one_usrp" prefix_auto="0" extension_auto="0"/>
				<Option working_dir=""/>
				<Option object_output="./"/>
				<Option type="1"/>
				<Option compiler="clang"/>
				<Compiler>
					<Add directory="/opt/local/include"/>
					<Add directory="/usr/local/include/hidapi"/>
					<Add directory="/Applications/Xcode.app/Contents/Developer/Toolchains/XcodeDefault.xctoolchain/usr/include/c++/v1"/>
					<Add directory="/usr/local/include"/>
					<Add directory="/Applications/Xcode.app/Contents/Developer/Toolchains/XcodeDefault.xctoolchain/usr/lib/clang/9.1.0/include"/>
					<Add directory="/Applications/Xcode.app/Contents/Developer/Toolchains/XcodeDefault.xctoolchain/usr/include"/>
					<Add directory="/usr/include"/>
					<Add directory="/System/Library/Frameworks"/>
					<Add directory="/Library/Frameworks"/>
				</Compiler>
				<MakeCommands>
					<Build command="/usr/bin/make -j8 -f &quot;/Users/Jens/git/B205mini-Summer/version2/Makefile&quot;  VERBOSE=1 one_usrp/fast"/>
					<CompileFile command="/usr/bin/make -j8 -f &quot;/Users/Jens/git/B205mini-Summer/version2/Makefile&quot;  VERBOSE=1 &quot;$file&quot;"/>
					<Clean command="/usr/bin/make -j8 -f &quot;/Users/Jens/git/B205mini-Summer/version2/Makefile&quot;  VERBOSE=1 clean"/>
					<DistClean command="/usr/bin/make -j8 -f &quot;/Users/Jens/git/B205mini-Summer/version2/Makefile&quot;  VERBOSE=1 clean"/>
				</MakeCommands>
			</Target>
		</Build>
		<Unit filename="/Users/Jens/git/B205mini-Summer/version2/one_usrp.cpp">
			<Option target="one_usrp"/>
		</Unit>
		<Unit filename="/Users/Jens/git/B205mini-Summer/version2/rxtest.cpp">
			<Option target="rxtest"/>
		</Unit>
		<Unit filename="/Users/Jens/git/B205mini-Summer/version2/sweep.cpp">
			<Option target="sweep"/>
		</Unit>
		<Unit filename="/Users/Jens/git/B205mini-Summer/version2/sweep_all.cpp">
			<Option target="sweep_all"/>
		</Unit>
		<Unit filename="/Users/Jens/git/B205mini-Summer/version2/txtest.cpp">
			<Option target="txtest"/>
		</Unit>
		<Unit filename="/Users/Jens/git/B205mini-Summer/version2/util.cpp">
			<Option target="one_usrp"/>
		</Unit>
		<Unit filename="/Users/Jens/git/B205mini-Summer/version2/util.hpp">
			<Option target="one_usrp"/>
		</Unit>
		<Unit filename="/Users/Jens/git/B205mini-Summer/version2/CMakeLists.txt">
			<Option virtualFolder="CMake Files\"/>
		</Unit>
		<Unit filename="/Users/Jens/git/B205mini-Summer/version2/../../../../../opt/local/share/cmake/uhd/UHDConfigVersion.cmake">
			<Option virtualFolder="CMake Files\..\..\..\..\..\opt\local\share\cmake\uhd\"/>
		</Unit>
		<Unit filename="/Users/Jens/git/B205mini-Summer/version2/../../../../../opt/local/share/cmake/uhd/UHDConfig.cmake">
			<Option virtualFolder="CMake Files\..\..\..\..\..\opt\local\share\cmake\uhd\"/>
		</Unit>
	</Project>
</CodeBlocks_project_file>
